<?xml version="1.0" encoding="utf-8"?>
<Project ToolsVersion="4.0" xmlns="http://schemas.microsoft.com/developer/msbuild/2003">
  <ItemGroup>
    <ClCompile Include="protocol\HeartPackageJsonData\HeartPackageJsonData.cpp">
      <Filter>protocol\HeartPackageJsonData</Filter>
    </ClCompile>
    <ClCompile Include="ui\ChatWidget\ChatWidget.cpp">
      <Filter>ui\ChatWidget</Filter>
    </ClCompile>
    <ClCompile Include="module\ChatWidgetManager\ChatWidgetManager.cpp">
      <Filter>module\ChatWidgetManager</Filter>
    </ClCompile>
    <ClCompile Include="module\LastChatInfoUpdateThread\DatabaseOperateThread.cpp">
      <Filter>module\LastChatInfoUpdateThread</Filter>
    </ClCompile>
    <ClCompile Include="protocol\LoginInJsonData\LoginInJsonData.cpp">
      <Filter>protocol\LoginInJsonData</Filter>
    </ClCompile>
    <ClCompile Include="ui\LogInWidget\LogInWidget.cpp">
      <Filter>ui\LogInWidget</Filter>
    </ClCompile>
    <ClCompile Include="module\Log\Log.cpp">
      <Filter>module\Log</Filter>
    </ClCompile>
    <ClCompile Include="protocol\LoginInReplyData\LoginInReplyData.cpp">
      <Filter>protocol\LoginInReplyData</Filter>
    </ClCompile>
    <ClCompile Include="protocol\InitialRequestJsonData\InitialRequestJsonData.cpp">
      <Filter>protocol\InitialRequestJsonData</Filter>
    </ClCompile>
    <ClCompile Include="protocol\RegisterReplyData\RegisterReplyData.cpp">
      <Filter>protocol\RegisterReplyData</Filter>
    </ClCompile>
    <ClCompile Include="protocol\RegisterJsonData\RegisterJsonData.cpp">
      <Filter>protocol\RegisterJsonData</Filter>
    </ClCompile>
    <ClCompile Include="ui\RegisterWidget\RegisterWidget.cpp">
      <Filter>ui\RegisterWidget</Filter>
    </ClCompile>
    <ClCompile Include="protocol\AddFriendNotifyJsonData\AddFriendNotifyJsonData.cpp">
      <Filter>protocol\AddFriendNotifyJsonData</Filter>
    </ClCompile>
    <ClCompile Include="protocol\AddFriendRequestJsonData\AddFriendRequestJsonData.cpp">
      <Filter>protocol\AddFriendRequestJsonData</Filter>
    </ClCompile>
    <ClCompile Include="protocol\GetFriendListReplyData\GetFriendListReplyData.cpp">
      <Filter>protocol\GetFriendListReplyData</Filter>
    </ClCompile>
    <ClCompile Include="protocol\GetFriendListJsonData\GetFriendListJsonData.cpp">
      <Filter>protocol\GetFriendListJsonData</Filter>
    </ClCompile>
    <ClCompile Include="protocol\ChatMessageJsonData\SingleChatMessageJsonData.cpp">
      <Filter>protocol\ChatMessageJsonData</Filter>
    </ClCompile>
    <ClCompile Include="module\PublicFunction\PublicFunction.cpp">
      <Filter>module\PublicFunction</Filter>
    </ClCompile>
    <ClCompile Include="module\DataBaseDelegate\DataBaseDelegate.cpp">
      <Filter>module\DataBaseDelegate</Filter>
    </ClCompile>
    <ClCompile Include="protocol\AddFriendResponseJsonData\AddFriendResponseJsonData.cpp">
      <Filter>protocol\AddFriendResponseJsonData</Filter>
    </ClCompile>
    <ClCompile Include="module\PublicDataManager\PublicDataManager.cpp">
      <Filter>module\PublicDataManager</Filter>
    </ClCompile>
    <ClCompile Include="module\PublicFunction\PinYInTable.h">
      <Filter>module\PublicFunction</Filter>
    </ClCompile>
    <ClCompile Include="main.cpp">
      <Filter>Source Files</Filter>
    </ClCompile>
    <ClCompile Include="TODO.cpp">
      <Filter>Source Files</Filter>
    </ClCompile>
    <ClCompile Include="protocol\ImageMsgJsonData\ProfileImageMsgJsonData.cpp">
      <Filter>protocol\ProfileImageMsgJsonData</Filter>
    </ClCompile>
    <ClCompile Include="module\TCPThread\TCPThread.cpp">
      <Filter>module\TCPThread</Filter>
    </ClCompile>
    <ClCompile Include="module\TCPThread\MyTCPSocket.cpp">
      <Filter>module\TCPThread</Filter>
    </ClCompile>
    <ClCompile Include="ui\MyChatMessageQuickWid\MyChatMessageQuickWid.cpp">
      <Filter>ui\MyChatMessageQuickWid</Filter>
    </ClCompile>
    <ClCompile Include="ui\MyLineEdit\MyLineEdit.cpp">
      <Filter>ui\MyLineEdit</Filter>
    </ClCompile>
    <ClCompile Include="ui\MyStackedWidget\MyStackedWidget.cpp">
      <Filter>ui\MyStackedWidget</Filter>
    </ClCompile>
    <ClCompile Include="ui\MytextEdit\MyTextEdit.cpp">
      <Filter>ui\MytextEdit</Filter>
    </ClCompile>
    <ClCompile Include="ui\ProfileImagePreview\ProfileImagePreview.cpp">
      <Filter>ui\ProfileImagePreview</Filter>
    </ClCompile>
    <ClCompile Include="module\ThreadPool\ThreadPool.cpp">
      <Filter>module\ThreadPool</Filter>
    </ClCompile>
    <ClCompile Include="protocol\getProfileImageJsonData\getProfileImageJsonData.cpp">
      <Filter>protocol\getProfileImageJsonData</Filter>
    </ClCompile>
    <ClCompile Include="module\FileManager\FileManager.cpp">
      <Filter>module\FileManager</Filter>
    </ClCompile>
    <ClCompile Include="ui\AddFriendWidget\AddFriendWidget.cpp">
      <Filter>ui\AddFriendWidget</Filter>
    </ClCompile>
    <ClCompile Include="ui\PublicGUI\NotifyLabel\NotifyLabel.cpp">
      <Filter>ui\PublicGUI\NotifyLabel</Filter>
    </ClCompile>
    <ClCompile Include="ui\AddFriendWidget\AddFriendModel.cpp">
      <Filter>ui\AddFriendWidget</Filter>
    </ClCompile>
    <ClCompile Include="ui\AddFriendWidget\AddFriendDelegate.cpp">
      <Filter>ui\AddFriendWidget</Filter>
    </ClCompile>
    <ClCompile Include="module\stdafx.cpp">
      <Filter>module</Filter>
    </ClCompile>
    <ClCompile Include="ui\ChatWidget\FriendListModel\MyFriendListModel.cpp">
      <Filter>ui\ChatWidget\FriendListModel</Filter>
    </ClCompile>
    <ClCompile Include="ui\ChatWidget\FriendListModel\MyFriendListSortModel.cpp">
      <Filter>ui\ChatWidget\FriendListModel</Filter>
    </ClCompile>
    <ClCompile Include="module\GroupChatManager\GroupChatManager.cpp">
      <Filter>module\GroupChatManager</Filter>
    </ClCompile>
    <ClCompile Include="protocol\StartGroupChatReplyJsonData\StartGroupChatReplyJsonData.cpp">
      <Filter>protocol\StartGroupChatReplyJsonData</Filter>
    </ClCompile>
    <ClCompile Include="protocol\StartGroupChatJsonData\StartGroupChatJsonData.cpp">
      <Filter>protocol\StartGroupChatJsonData</Filter>
    </ClCompile>
    <ClCompile Include="protocol\GroupChatJsonData\GroupChatJsonData.cpp">
      <Filter>protocol\GroupChatJsonData</Filter>
    </ClCompile>
    <ClCompile Include="ui\StartGroupChatWidget\StartGroupChatWidget.cpp">
      <Filter>ui\StartGroupChatWidget</Filter>
    </ClCompile>
    <ClCompile Include="ui\StartGroupChatWidget\ChooseFriendGroupMVC\ChooseFriendModel.cpp">
      <Filter>ui\StartGroupChatWidget\ChooseFriendGroupMVC</Filter>
    </ClCompile>
    <ClCompile Include="ui\StartGroupChatWidget\ChooseFriendGroupMVC\ChooseFriendDelegate.cpp">
      <Filter>ui\StartGroupChatWidget\ChooseFriendGroupMVC</Filter>
    </ClCompile>
    <ClCompile Include="ui\StartGroupChatWidget\AddedGroupFriendMVC\AddedFriendModel.cpp">
      <Filter>ui\StartGroupChatWidget\AddedGroupFriendMVC</Filter>
    </ClCompile>
    <ClCompile Include="ui\StartGroupChatWidget\AddedGroupFriendMVC\AddedFriendDelegate.cpp">
      <Filter>ui\StartGroupChatWidget\AddedGroupFriendMVC</Filter>
    </ClCompile>
    <ClCompile Include="ui\StartGroupChatWidget\ChooseFriendGroupMVC\ChooseFriendSortModel.cpp">
      <Filter>ui\StartGroupChatWidget\ChooseFriendGroupMVC</Filter>
    </ClCompile>
  </ItemGroup>
  <ItemGroup>
    <ClInclude Include="protocol\HeartPackageJsonData\HeartPackageJsonData.h">
      <Filter>protocol\HeartPackageJsonData</Filter>
    </ClInclude>
    <ClInclude Include="protocol\JsonBaseData.h">
      <Filter>protocol</Filter>
    </ClInclude>
    <ClInclude Include="protocol\LoginInJsonData\LoginInJsonData.h">
      <Filter>protocol\LoginInJsonData</Filter>
    </ClInclude>
    <ClInclude Include="module\Log\Log.h">
      <Filter>module\Log</Filter>
    </ClInclude>
    <ClInclude Include="protocol\LoginInReplyData\LoginInReplyData.h">
      <Filter>protocol\LoginInReplyData</Filter>
    </ClInclude>
    <ClInclude Include="protocol\InitialRequestJsonData\InitialRequestJsonData.h">
      <Filter>protocol\InitialRequestJsonData</Filter>
    </ClInclude>
    <ClInclude Include="protocol\RegisterJsonData\RegisterJsonData.h">
      <Filter>protocol\RegisterJsonData</Filter>
    </ClInclude>
    <ClInclude Include="protocol\RegisterReplyData\RegisterReplyData.h">
      <Filter>protocol\RegisterReplyData</Filter>
    </ClInclude>
    <ClInclude Include="protocol\AddFriendNotifyJsonData\AddFriendNotifyJsonData.h">
      <Filter>protocol\AddFriendNotifyJsonData</Filter>
    </ClInclude>
    <ClInclude Include="protocol\AddFriendRequestJsonData\AddFriendRequestJsonData.h">
      <Filter>protocol\AddFriendRequestJsonData</Filter>
    </ClInclude>
    <ClInclude Include="protocol\GetFriendListReplyData\GetFriendListReplyData.h">
      <Filter>protocol\GetFriendListReplyData</Filter>
    </ClInclude>
    <ClInclude Include="protocol\GetFriendListJsonData\GetFriendListJsonData.h">
      <Filter>protocol\GetFriendListJsonData</Filter>
    </ClInclude>
    <ClInclude Include="protocol\ChatMessageJsonData\SingleChatMessageJsonData.h">
      <Filter>protocol\ChatMessageJsonData</Filter>
    </ClInclude>
    <ClInclude Include="module\PublicFunction\PublicFunction.h">
      <Filter>module\PublicFunction</Filter>
    </ClInclude>
    <ClInclude Include="protocol\AddFriendResponseJsonData\AddFriendResponseJsonData.h">
      <Filter>protocol\AddFriendResponseJsonData</Filter>
    </ClInclude>
    <ClInclude Include="module\PublicDataManager\PublicDataManager.h">
      <Filter>module\PublicDataManager</Filter>
    </ClInclude>
    <ClInclude Include="resource.h">
      <Filter>Header Files</Filter>
    </ClInclude>
    <ClInclude Include="protocol\ImageMsgJsonData\ProfileImageMsgJsonData.h">
      <Filter>protocol\ProfileImageMsgJsonData</Filter>
    </ClInclude>
    <ClInclude Include="module\ThreadPool\ThreadPool.h">
      <Filter>module\ThreadPool</Filter>
    </ClInclude>
    <ClInclude Include="protocol\getProfileImageJsonData\getProfileImageJsonData.h">
      <Filter>protocol\getProfileImageJsonData</Filter>
    </ClInclude>
    <ClInclude Include="module\stdafx.h">
      <Filter>module</Filter>
    </ClInclude>
    <ClInclude Include="module\MyDefine.h">
      <Filter>module</Filter>
    </ClInclude>
    <ClInclude Include="protocol\StartGroupChatReplyJsonData\StartGroupChatReplyJsonData.h">
      <Filter>protocol\StartGroupChatReplyJsonData</Filter>
    </ClInclude>
    <ClInclude Include="protocol\StartGroupChatJsonData\StartGroupChatJsonData.h">
      <Filter>protocol\StartGroupChatJsonData</Filter>
    </ClInclude>
    <ClInclude Include="protocol\GroupChatJsonData\GroupChatJsonData.h">
      <Filter>protocol\GroupChatJsonData</Filter>
    </ClInclude>
  </ItemGroup>
  <ItemGroup>
    <Image Include="ui\res\image\icon.png">
      <Filter>ui\res\Image</Filter>
    </Image>
    <Image Include="ui\res\image\login_background.jpg">
      <Filter>ui\res\Image</Filter>
    </Image>
  </ItemGroup>
  <ItemGroup>
    <QtMoc Include="ui\ChatWidget\ChatWidget.h">
      <Filter>ui\ChatWidget</Filter>
    </QtMoc>
    <QtMoc Include="module\ChatWidgetManager\ChatWidgetManager.h">
      <Filter>module\ChatWidgetManager</Filter>
    </QtMoc>
    <QtMoc Include="module\LastChatInfoUpdateThread\DatabaseOperateThread.h">
      <Filter>module\LastChatInfoUpdateThread</Filter>
    </QtMoc>
    <QtMoc Include="ui\LogInWidget\LogInWidget.h">
      <Filter>ui\LogInWidget</Filter>
    </QtMoc>
    <QtMoc Include="ui\RegisterWidget\RegisterWidget.h">
      <Filter>ui\RegisterWidget</Filter>
    </QtMoc>
    <QtMoc Include="module\DataBaseDelegate\DataBaseDelegate.h">
      <Filter>module\DataBaseDelegate</Filter>
    </QtMoc>
    <QtMoc Include="module\TCPThread\TCPThread.h">
      <Filter>module\TCPThread</Filter>
    </QtMoc>
    <QtMoc Include="module\TCPThread\MyTCPSocket.h">
      <Filter>module\TCPThread</Filter>
    </QtMoc>
    <QtMoc Include="ui\MyChatMessageQuickWid\MyChatMessageQuickWid.h">
      <Filter>ui\MyChatMessageQuickWid</Filter>
    </QtMoc>
    <QtMoc Include="ui\MyLineEdit\MyLineEdit.h">
      <Filter>ui\MyLineEdit</Filter>
    </QtMoc>
    <QtMoc Include="ui\MyStackedWidget\MyStackedWidget.h">
      <Filter>ui\MyStackedWidget</Filter>
    </QtMoc>
    <QtMoc Include="ui\MytextEdit\MyTextEdit.h">
      <Filter>ui\MytextEdit</Filter>
    </QtMoc>
    <QtMoc Include="ui\ProfileImagePreview\ProfileImagePreview.h">
      <Filter>ui\ProfileImagePreview</Filter>
    </QtMoc>
    <QtMoc Include="module\FileManager\FileManager.h">
      <Filter>module\FileManager</Filter>
    </QtMoc>
    <QtMoc Include="ui\AddFriendWidget\AddFriendWidget.h">
      <Filter>ui\AddFriendWidget</Filter>
    </QtMoc>
    <QtMoc Include="ui\PublicGUI\NotifyLabel\NotifyLabel.h">
      <Filter>ui\PublicGUI\NotifyLabel</Filter>
    </QtMoc>
    <QtMoc Include="ui\AddFriendWidget\AddFriendModel.h">
      <Filter>ui\AddFriendWidget</Filter>
    </QtMoc>
    <QtMoc Include="ui\AddFriendWidget\AddFriendDelegate.h">
      <Filter>ui\AddFriendWidget</Filter>
    </QtMoc>
    <QtMoc Include="ui\ChatWidget\FriendListModel\MyFriendListModel.h">
      <Filter>ui\ChatWidget\FriendListModel</Filter>
    </QtMoc>
    <QtMoc Include="ui\ChatWidget\FriendListModel\MyFriendListSortModel.h">
      <Filter>ui\ChatWidget\FriendListModel</Filter>
    </QtMoc>
    <QtMoc Include="module\GroupChatManager\GroupChatManager.h">
      <Filter>module\GroupChatManager</Filter>
    </QtMoc>
    <QtMoc Include="ui\StartGroupChatWidget\StartGroupChatWidget.h">
      <Filter>ui\StartGroupChatWidget</Filter>
    </QtMoc>
    <QtMoc Include="ui\StartGroupChatWidget\ChooseFriendGroupMVC\ChooseFriendModel.h">
      <Filter>ui\StartGroupChatWidget\ChooseFriendGroupMVC</Filter>
    </QtMoc>
    <QtMoc Include="ui\StartGroupChatWidget\ChooseFriendGroupMVC\ChooseFriendDelegate.h">
      <Filter>ui\StartGroupChatWidget\ChooseFriendGroupMVC</Filter>
    </QtMoc>
    <QtMoc Include="ui\StartGroupChatWidget\AddedGroupFriendMVC\AddedFriendModel.h">
      <Filter>ui\StartGroupChatWidget\AddedGroupFriendMVC</Filter>
    </QtMoc>
    <QtMoc Include="ui\StartGroupChatWidget\AddedGroupFriendMVC\AddedFriendDelegate.h">
      <Filter>ui\StartGroupChatWidget\AddedGroupFriendMVC</Filter>
    </QtMoc>
    <QtMoc Include="ui\StartGroupChatWidget\ChooseFriendGroupMVC\ChooseFriendSortModel.h">
      <Filter>ui\StartGroupChatWidget\ChooseFriendGroupMVC</Filter>
    </QtMoc>
  </ItemGroup>
  <ItemGroup>
    <QtUic Include="ui\ChatWidget\ChatWidget.ui">
      <Filter>ui\ChatWidget</Filter>
    </QtUic>
    <QtUic Include="ui\LogInWidget\LogInWidget.ui">
      <Filter>ui\LogInWidget</Filter>
    </QtUic>
    <QtUic Include="ui\RegisterWidget\RegisterWidget.ui">
      <Filter>ui\RegisterWidget</Filter>
    </QtUic>
    <QtUic Include="ui\MyChatMessageQuickWid\MyChatMessageQuickWid.ui">
      <Filter>ui\MyChatMessageQuickWid</Filter>
    </QtUic>
    <QtUic Include="ui\MyLineEdit\MyLineEdit.ui">
      <Filter>ui\MyLineEdit</Filter>
    </QtUic>
    <QtUic Include="ui\ProfileImagePreview\ProfileImagePreview.ui">
      <Filter>ui\ProfileImagePreview</Filter>
    </QtUic>
    <QtUic Include="ui\AddFriendWidget\AddFriendWidget.ui">
      <Filter>ui\AddFriendWidget</Filter>
    </QtUic>
    <QtUic Include="ui\StartGroupChatWidget\StartGroupChatWidget.ui">
      <Filter>ui\StartGroupChatWidget</Filter>
    </QtUic>
  </ItemGroup>
  <ItemGroup>
    <None Include="ui\res\QML\chatMessage.qml">
      <Filter>ui\res\QML</Filter>
    </None>
    <None Include="ui\res\QML\addFriend.qml">
      <Filter>ui\res\QML</Filter>
    </None>
    <None Include="ui\res\QML\LastChatList.qml">
      <Filter>ui\res\QML</Filter>
    </None>
    <None Include="ui\res\QML\friendList.qml">
      <Filter>ui\res\QML</Filter>
    </None>
    <None Include="ui\res\QML\searchFriend.qml">
      <Filter>ui\res\QML</Filter>
    </None>
  </ItemGroup>
  <ItemGroup>
    <Filter Include="Header Files">
      <UniqueIdentifier>{50dbfa18-4fc5-4d74-aedc-142e326e536c}</UniqueIdentifier>
    </Filter>
    <Filter Include="Resource Files">
      <UniqueIdentifier>{3cb4ba96-dd1f-4151-b8d2-3256ca5b75db}</UniqueIdentifier>
    </Filter>
    <Filter Include="Form Files">
      <UniqueIdentifier>{0396c882-8101-45a4-810d-2a2e9245e1ed}</UniqueIdentifier>
    </Filter>
    <Filter Include="Translation Files">
      <UniqueIdentifier>{656b413d-7841-40fa-9240-29695d80035d}</UniqueIdentifier>
    </Filter>
    <Filter Include="ui">
      <UniqueIdentifier>{86467740-3059-4574-8a08-39a6212c4f62}</UniqueIdentifier>
    </Filter>
    <Filter Include="ui\LogInWidget">
      <UniqueIdentifier>{220aa7d5-2b6d-4b3a-8d16-1134a63b708a}</UniqueIdentifier>
    </Filter>
    <Filter Include="ui\res">
      <UniqueIdentifier>{30f48402-5dfb-4e39-b473-d43cd02e7dc4}</UniqueIdentifier>
    </Filter>
    <Filter Include="ui\RegisterWidget">
      <UniqueIdentifier>{bb178f75-6ec4-46ae-bb9c-4dc0d2ddb42a}</UniqueIdentifier>
    </Filter>
    <Filter Include="ui\ChatWidget">
      <UniqueIdentifier>{ca146ccf-05f2-45ae-9d48-a9e2dc8a695d}</UniqueIdentifier>
    </Filter>
    <Filter Include="protocol">
      <UniqueIdentifier>{e05c69f4-09e8-49ca-b007-bd3a7ac95bf9}</UniqueIdentifier>
    </Filter>
    <Filter Include="protocol\HeartPackageJsonData">
      <UniqueIdentifier>{2a0cf424-d40c-413e-8317-a6fcd4c97465}</UniqueIdentifier>
    </Filter>
    <Filter Include="module">
      <UniqueIdentifier>{a54f8aa3-2cdd-40a3-8783-3ca07ffc9c0c}</UniqueIdentifier>
    </Filter>
    <Filter Include="ui\res\QML">
      <UniqueIdentifier>{2e0135ec-ad12-4176-91b6-447e9621caa1}</UniqueIdentifier>
    </Filter>
    <Filter Include="ui\res\Image">
      <UniqueIdentifier>{af377c9c-5fe9-45e8-851d-8d9daf4d6bb2}</UniqueIdentifier>
    </Filter>
    <Filter Include="module\ChatWidgetManager">
      <UniqueIdentifier>{37fa5816-c57b-4a89-9ecc-527a871857bc}</UniqueIdentifier>
    </Filter>
    <Filter Include="module\LastChatInfoUpdateThread">
      <UniqueIdentifier>{77fdaa77-9a30-4582-bd90-178fbe02972d}</UniqueIdentifier>
    </Filter>
    <Filter Include="protocol\RegisterJsonData">
      <UniqueIdentifier>{f69b77db-b3f6-42ba-943b-2d87f8597ee7}</UniqueIdentifier>
    </Filter>
    <Filter Include="protocol\RegisterReplyData">
      <UniqueIdentifier>{81cb477a-8460-4d6e-9cb2-474026d310fd}</UniqueIdentifier>
    </Filter>
    <Filter Include="protocol\LoginInJsonData">
      <UniqueIdentifier>{1938169d-b63b-4e81-864a-65af88534044}</UniqueIdentifier>
    </Filter>
    <Filter Include="protocol\LoginInReplyData">
      <UniqueIdentifier>{cf3fddbe-766d-495d-9f20-4456e2610019}</UniqueIdentifier>
    </Filter>
    <Filter Include="protocol\InitialRequestJsonData">
      <UniqueIdentifier>{8a8395d7-9d02-43fe-a688-c04bf6850bc7}</UniqueIdentifier>
    </Filter>
    <Filter Include="protocol\ChatMessageJsonData">
      <UniqueIdentifier>{00d552dd-5ba6-4c28-9548-80f31b92ba03}</UniqueIdentifier>
    </Filter>
    <Filter Include="protocol\GetFriendListJsonData">
      <UniqueIdentifier>{c141b422-9537-4358-b645-9db2743c6301}</UniqueIdentifier>
    </Filter>
    <Filter Include="protocol\GetFriendListReplyData">
      <UniqueIdentifier>{5caed78b-f4be-498a-a8d2-b290bfa15884}</UniqueIdentifier>
    </Filter>
    <Filter Include="protocol\AddFriendRequestJsonData">
      <UniqueIdentifier>{bcb9fdd5-bb6a-4192-a3b3-8ad2d646d6f7}</UniqueIdentifier>
    </Filter>
    <Filter Include="protocol\AddFriendNotifyJsonData">
      <UniqueIdentifier>{dd09e3a4-406f-4b5d-96fa-e3217a888d47}</UniqueIdentifier>
    </Filter>
    <Filter Include="module\PublicFunction">
      <UniqueIdentifier>{829c7dfd-176a-436f-a91d-35e8622fa510}</UniqueIdentifier>
    </Filter>
    <Filter Include="module\DataBaseDelegate">
      <UniqueIdentifier>{38b6b170-7021-435d-9d5b-89f110bfcafa}</UniqueIdentifier>
    </Filter>
    <Filter Include="protocol\AddFriendResponseJsonData">
      <UniqueIdentifier>{bdfef21b-4c8c-40eb-bae4-5281e398136f}</UniqueIdentifier>
    </Filter>
    <Filter Include="module\PublicDataManager">
      <UniqueIdentifier>{350b9e49-d329-47e6-a4ef-4aef95edb0be}</UniqueIdentifier>
    </Filter>
    <Filter Include="Source Files">
      <UniqueIdentifier>{d0655c80-2c50-442f-87b6-a9fd370f2fe0}</UniqueIdentifier>
    </Filter>
    <Filter Include="protocol\ProfileImageMsgJsonData">
      <UniqueIdentifier>{ee082a88-fa3e-4666-b2e0-49811afa52f5}</UniqueIdentifier>
    </Filter>
    <Filter Include="module\TCPThread">
      <UniqueIdentifier>{a13579a3-d2ba-4e2a-9de9-9b06a8e5bb1e}</UniqueIdentifier>
    </Filter>
    <Filter Include="ui\MyChatMessageQuickWid">
      <UniqueIdentifier>{f5871763-b5ce-472c-91a2-61314ef0b603}</UniqueIdentifier>
    </Filter>
    <Filter Include="ui\MyLineEdit">
      <UniqueIdentifier>{36ac615c-b52c-4b79-b4f5-55d983ec0c8f}</UniqueIdentifier>
    </Filter>
    <Filter Include="ui\MyStackedWidget">
      <UniqueIdentifier>{282a0759-4fda-4879-96aa-4952f58cecf4}</UniqueIdentifier>
    </Filter>
    <Filter Include="ui\MytextEdit">
      <UniqueIdentifier>{b94e59cb-3f01-4e9e-a689-3ad7c57dff3e}</UniqueIdentifier>
    </Filter>
    <Filter Include="ui\ProfileImagePreview">
      <UniqueIdentifier>{82a3d7d9-2638-4c96-bd5c-fbfc023f1f38}</UniqueIdentifier>
    </Filter>
    <Filter Include="module\ThreadPool">
      <UniqueIdentifier>{a02cb2ac-8a81-42a1-a301-dce6f1bdf72c}</UniqueIdentifier>
    </Filter>
    <Filter Include="protocol\getProfileImageJsonData">
      <UniqueIdentifier>{3503ece2-ef1f-45db-a7f2-8d9290191976}</UniqueIdentifier>
    </Filter>
    <Filter Include="module\FileManager">
      <UniqueIdentifier>{14088d81-50bb-4b6b-8a88-fe6810ca711a}</UniqueIdentifier>
    </Filter>
    <Filter Include="ui\AddFriendWidget">
      <UniqueIdentifier>{c6733f45-bd38-49cb-acd1-1cd3295be379}</UniqueIdentifier>
    </Filter>
    <Filter Include="ui\PublicGUI">
      <UniqueIdentifier>{6030838b-69ed-49bd-82ae-5c30153b3b03}</UniqueIdentifier>
    </Filter>
    <Filter Include="ui\PublicGUI\NotifyLabel">
      <UniqueIdentifier>{3e133391-d691-4b1b-98a9-4ea845a01656}</UniqueIdentifier>
    </Filter>
    <Filter Include="ui\ChatWidget\FriendListModel">
      <UniqueIdentifier>{52f9f476-a90f-4852-a755-0c71d0272f70}</UniqueIdentifier>
    </Filter>
    <Filter Include="module\GroupChatManager">
      <UniqueIdentifier>{99112411-a90a-4637-8364-cb8de9437226}</UniqueIdentifier>
    </Filter>
    <Filter Include="ui\GroupChat">
      <UniqueIdentifier>{9faad5d5-6b3f-447e-9e08-c327a3cfdd6f}</UniqueIdentifier>
    </Filter>
    <Filter Include="ui\GroupChat\StartGroupChat">
      <UniqueIdentifier>{e067abf2-065d-42f6-b41d-cc19fad27fcd}</UniqueIdentifier>
    </Filter>
    <Filter Include="protocol\GroupChatJsonData">
      <UniqueIdentifier>{60e695c3-e20c-4159-879c-667d444b35eb}</UniqueIdentifier>
    </Filter>
    <Filter Include="protocol\StartGroupChatJsonData">
      <UniqueIdentifier>{e2da21cd-a6e4-4c8b-8b6b-eacec6bbf877}</UniqueIdentifier>
    </Filter>
    <Filter Include="module\Log">
      <UniqueIdentifier>{25641486-35c9-4b55-9b0b-96676ac8db5e}</UniqueIdentifier>
    </Filter>
    <Filter Include="protocol\StartGroupChatReplyJsonData">
      <UniqueIdentifier>{424dac67-89a7-4210-8e34-b3c8aa35f60b}</UniqueIdentifier>
    </Filter>
    <Filter Include="ui\StartGroupChatWidget">
      <UniqueIdentifier>{9c0466d7-0c11-4673-9353-361bb654475a}</UniqueIdentifier>
    </Filter>
    <Filter Include="ui\StartGroupChatWidget\AddedGroupFriendMVC">
      <UniqueIdentifier>{9826a2aa-9e70-4c65-b62f-36626949c130}</UniqueIdentifier>
    </Filter>
    <Filter Include="ui\StartGroupChatWidget\ChooseFriendGroupMVC">
      <UniqueIdentifier>{34804826-bd7c-418a-8dc6-a776d6421305}</UniqueIdentifier>
    </Filter>
  </ItemGroup>
  <ItemGroup>
    <QtRcc Include="ui\res\LogInWidget.qrc">
      <Filter>ui\res</Filter>
    </QtRcc>
  </ItemGroup>
  <ItemGroup>
    <ResourceCompile Include="TinyWeChatClient.rc">
      <Filter>Resource Files</Filter>
    </ResourceCompile>
  </ItemGroup>
</Project>